
Microsoft Visual Studio Solution File, Format Version 12.00
# Visual Studio Version 17
VisualStudioVersion = 17.0.31903.59
MinimumVisualStudioVersion = 10.0.40219.1
Project("{2150E333-8FDC-42A3-9474-1A3956D46DE8}") = "src", "src", "{7B1D1C51-CFAC-4BEB-A316-3010A0BA17DA}"
EndProject
Project("{9A19103F-16F7-4668-BE54-9A1E7A4F7556}") = "AuctionService", "src\AuctionService\AuctionService.csproj", "{C5D22A5D-2018-49BD-A160-2A2850DE228C}"
EndProject
Project("{FAE04EC0-301F-11D3-BF4B-00C04F79EFBC}") = "SearchService", "src\SearchService\SearchService.csproj", "{EA763871-54E8-4EC2-AE8E-69EDC0AA9303}"
EndProject
Global
	GlobalSection(SolutionConfigurationPlatforms) = preSolution
		Debug|Any CPU = Debug|Any CPU
		Release|Any CPU = Release|Any CPU
	EndGlobalSection
	GlobalSection(ProjectConfigurationPlatforms) = postSolution
		{C5D22A5D-2018-49BD-A160-2A2850DE228C}.Debug|Any CPU.ActiveCfg = Debug|Any CPU
		{C5D22A5D-2018-49BD-A160-2A2850DE228C}.Debug|Any CPU.Build.0 = Debug|Any CPU
		{C5D22A5D-2018-49BD-A160-2A2850DE228C}.Release|Any CPU.ActiveCfg = Release|Any CPU
		{C5D22A5D-2018-49BD-A160-2A2850DE228C}.Release|Any CPU.Build.0 = Release|Any CPU
		{EA763871-54E8-4EC2-AE8E-69EDC0AA9303}.Debug|Any CPU.ActiveCfg = Debug|Any CPU
		{EA763871-54E8-4EC2-AE8E-69EDC0AA9303}.Debug|Any CPU.Build.0 = Debug|Any CPU
		{EA763871-54E8-4EC2-AE8E-69EDC0AA9303}.Release|Any CPU.ActiveCfg = Release|Any CPU
		{EA763871-54E8-4EC2-AE8E-69EDC0AA9303}.Release|Any CPU.Build.0 = Release|Any CPU
	EndGlobalSection
	GlobalSection(SolutionProperties) = preSolution
		HideSolutionNode = FALSE
	EndGlobalSection
	GlobalSection(NestedProjects) = preSolution
		{C5D22A5D-2018-49BD-A160-2A2850DE228C} = {7B1D1C51-CFAC-4BEB-A316-3010A0BA17DA}
		{EA763871-54E8-4EC2-AE8E-69EDC0AA9303} = {7B1D1C51-CFAC-4BEB-A316-3010A0BA17DA}
	EndGlobalSection
	GlobalSection(ExtensibilityGlobals) = postSolution
		SolutionGuid = {4958C7EC-0E37-4B99-BA8F-B0F114DB92A1}
	EndGlobalSection
EndGlobal
